
Microsoft Visual Studio Solution File, Format Version 12.00
# Visual Studio 14
VisualStudioVersion = 14.0.25420.1
MinimumVisualStudioVersion = 10.0.40219.1
Project("{8BC9CEB8-8B4A-11D0-8D11-00A0C91BC942}") = "Timp1PRO", "Timp1PRO\Timp1PRO.vcxproj", "{1168ABA8-E7D7-4729-A197-8FB8FE7A22EF}"
EndProject
Global
	GlobalSection(SolutionConfigurationPlatforms) = preSolution
		Debug|x64 = Debug|x64
		Debug|x86 = Debug|x86
		Release|x64 = Release|x64
		Release|x86 = Release|x86
	EndGlobalSection
	GlobalSection(ProjectConfigurationPlatforms) = postSolution
		{1168ABA8-E7D7-4729-A197-8FB8FE7A22EF}.Debug|x64.ActiveCfg = Debug|x64
		{1168ABA8-E7D7-4729-A197-8FB8FE7A22EF}.Debug|x64.Build.0 = Debug|x64
		{1168ABA8-E7D7-4729-A197-8FB8FE7A22EF}.Debug|x86.ActiveCfg = Debug|Win32
		{1168ABA8-E7D7-4729-A197-8FB8FE7A22EF}.Debug|x86.Build.0 = Debug|Win32
		{1168ABA8-E7D7-4729-A197-8FB8FE7A22EF}.Release|x64.ActiveCfg = Release|x64
		{1168ABA8-E7D7-4729-A197-8FB8FE7A22EF}.Release|x64.Build.0 = Release|x64
		{1168ABA8-E7D7-4729-A197-8FB8FE7A22EF}.Release|x86.ActiveCfg = Release|Win32
		{1168ABA8-E7D7-4729-A197-8FB8FE7A22EF}.Release|x86.Build.0 = Release|Win32
	EndGlobalSection
	GlobalSection(SolutionProperties) = preSolution
		HideSolutionNode = FALSE
	EndGlobalSection
EndGlobal
